
Microsoft Visual Studio Solution File, Format Version 12.00
# Visual Studio Version 17
VisualStudioVersion = 17.8.34330.188
MinimumVisualStudioVersion = 10.0.40219.1
Project("{FAE04EC0-301F-11D3-BF4B-00C04F79EFBC}") = "AssisProControlFlow", "AssisProControlFlow\AssisProControlFlow.csproj", "{9E05246A-6BC3-4A86-9DF8-D84633520EDD}"
EndProject
Global
	GlobalSection(SolutionConfigurationPlatforms) = preSolution
		Debug|Any CPU = Debug|Any CPU
		Release|Any CPU = Release|Any CPU
	EndGlobalSection
	GlobalSection(ProjectConfigurationPlatforms) = postSolution
		{9E05246A-6BC3-4A86-9DF8-D84633520EDD}.Debug|Any CPU.ActiveCfg = Debug|Any CPU
		{9E05246A-6BC3-4A86-9DF8-D84633520EDD}.Debug|Any CPU.Build.0 = Debug|Any CPU
		{9E05246A-6BC3-4A86-9DF8-D84633520EDD}.Release|Any CPU.ActiveCfg = Release|Any CPU
		{9E05246A-6BC3-4A86-9DF8-D84633520EDD}.Release|Any CPU.Build.0 = Release|Any CPU
	EndGlobalSection
	GlobalSection(SolutionProperties) = preSolution
		HideSolutionNode = FALSE
	EndGlobalSection
	GlobalSection(ExtensibilityGlobals) = postSolution
		SolutionGuid = {466C4E4D-991C-4898-BBD9-0BED02FCE4B5}
	EndGlobalSection
EndGlobal
